
Microsoft Visual Studio Solution File, Format Version 12.00
# Visual Studio Version 16
VisualStudioVersion = 16.0.31424.327
MinimumVisualStudioVersion = 10.0.40219.1
Project("{FAE04EC0-301F-11D3-BF4B-00C04F79EFBC}") = "HttpsCallSampleApplication", "HttpsCallSampleApplication\HttpsCallSampleApplication.csproj", "{02042DEB-4537-4B1E-8462-2507699EBBDC}"
EndProject
Global
	GlobalSection(SolutionConfigurationPlatforms) = preSolution
		Debug|Any CPU = Debug|Any CPU
		Release|Any CPU = Release|Any CPU
	EndGlobalSection
	GlobalSection(ProjectConfigurationPlatforms) = postSolution
		{02042DEB-4537-4B1E-8462-2507699EBBDC}.Debug|Any CPU.ActiveCfg = Debug|Any CPU
		{02042DEB-4537-4B1E-8462-2507699EBBDC}.Debug|Any CPU.Build.0 = Debug|Any CPU
		{02042DEB-4537-4B1E-8462-2507699EBBDC}.Release|Any CPU.ActiveCfg = Release|Any CPU
		{02042DEB-4537-4B1E-8462-2507699EBBDC}.Release|Any CPU.Build.0 = Release|Any CPU
	EndGlobalSection
	GlobalSection(SolutionProperties) = preSolution
		HideSolutionNode = FALSE
	EndGlobalSection
	GlobalSection(ExtensibilityGlobals) = postSolution
		SolutionGuid = {872BDDD2-6538-4C16-B092-50B4A099772C}
	EndGlobalSection
EndGlobal
